// !$*UTF8*$!
{
	archiveVersion = 1;
	classes = {
	};
	objectVersion = 46;
	objects = {

/* Begin PBXBuildFile section */
		1D05728F178E1C1600FA6C0E /* ResetAnswers.m in Sources */ = {isa = PBXBuildFile; fileRef = 1D05728E178E1C1600FA6C0E /* ResetAnswers.m */; };
		1D37BD9C172F275A00C26532 /* DejalActivityView.m in Sources */ = {isa = PBXBuildFile; fileRef = 1D37BD9B172F275A00C26532 /* DejalActivityView.m */; };
		1D37BD9D172F275A00C26532 /* DejalActivityView.m in Sources */ = {isa = PBXBuildFile; fileRef = 1D37BD9B172F275A00C26532 /* DejalActivityView.m */; };
		1D37BDA0172F368000C26532 /* SearchCheckBox.m in Sources */ = {isa = PBXBuildFile; fileRef = 1D37BD9F172F368000C26532 /* SearchCheckBox.m */; };
		1D4BBA5517012C0D00B53E63 /* SoundEffects.m in Sources */ = {isa = PBXBuildFile; fileRef = 1D4BBA5417012C0D00B53E63 /* SoundEffects.m */; };
		1D713E9917593B9C00B6F231 /* rosslogo.png in Resources */ = {isa = PBXBuildFile; fileRef = 1D713E9817593B9C00B6F231 /* rosslogo.png */; };
		1D713EA0175948CD00B6F231 /* Back.png in Resources */ = {isa = PBXBuildFile; fileRef = 1D713E9F175948CD00B6F231 /* Back.png */; };
		1D90855D179F9FF200404E71 /* ACHIEVEMENTS.png in Resources */ = {isa = PBXBuildFile; fileRef = 1D90855C179F9FF200404E71 /* ACHIEVEMENTS.png */; };
		1D90855F179F9FF900404E71 /* LEADERBOARD.png in Resources */ = {isa = PBXBuildFile; fileRef = 1D90855E179F9FF900404E71 /* LEADERBOARD.png */; };
		1D908561179FA89E00404E71 /* Default-568h@2x.png in Resources */ = {isa = PBXBuildFile; fileRef = 1D908560179FA89E00404E71 /* Default-568h@2x.png */; };
		1D908563179FA8A400404E71 /* Default.png in Resources */ = {isa = PBXBuildFile; fileRef = 1D908562179FA8A400404E71 /* Default.png */; };
		1D908565179FA8A800404E71 /* Default@2x.png in Resources */ = {isa = PBXBuildFile; fileRef = 1D908564179FA8A800404E71 /* Default@2x.png */; };
		1D9265E617593A1A004BB022 /* 57_logo.png in Resources */ = {isa = PBXBuildFile; fileRef = 1D9265E517593A1A004BB022 /* 57_logo.png */; };
		1D9265E817593A25004BB022 /* 114_logo.png in Resources */ = {isa = PBXBuildFile; fileRef = 1D9265E717593A25004BB022 /* 114_logo.png */; };
		1DB14BA41736E1CA0029BC98 /* Background.png in Resources */ = {isa = PBXBuildFile; fileRef = 1DB14BA31736E1CA0029BC98 /* Background.png */; };
		1DB14BAA1736EE580029BC98 /* Settings.png in Resources */ = {isa = PBXBuildFile; fileRef = 1DB14BA91736EE580029BC98 /* Settings.png */; };
		1DB14BAC1736EEFC0029BC98 /* HowToPlay.png in Resources */ = {isa = PBXBuildFile; fileRef = 1DB14BAB1736EEFC0029BC98 /* HowToPlay.png */; };
		1DB14BB21736F6B80029BC98 /* BacktoMenu.png in Resources */ = {isa = PBXBuildFile; fileRef = 1DB14BB11736F6B80029BC98 /* BacktoMenu.png */; };
		1DB14BBA1736FC7A0029BC98 /* PlayButton.png in Resources */ = {isa = PBXBuildFile; fileRef = 1DB14BB91736FC7A0029BC98 /* PlayButton.png */; };
		1DB14BBE173790640029BC98 /* NextSearch.png in Resources */ = {isa = PBXBuildFile; fileRef = 1DB14BBD173790640029BC98 /* NextSearch.png */; };
		1DB14BC4173791930029BC98 /* NextSearch_Off.png in Resources */ = {isa = PBXBuildFile; fileRef = 1DB14BC3173791930029BC98 /* NextSearch_Off.png */; };
		1DB14BC81737928E0029BC98 /* Magnifying-Glass.png in Resources */ = {isa = PBXBuildFile; fileRef = 1DB14BC71737928E0029BC98 /* Magnifying-Glass.png */; };
		1DB14BD3173B12150029BC98 /* Bar.png in Resources */ = {isa = PBXBuildFile; fileRef = 1DB14BCF173B12140029BC98 /* Bar.png */; };
		1DB14BDA173D94F90029BC98 /* StoreKit.framework in Frameworks */ = {isa = PBXBuildFile; fileRef = 1DB14BD9173D94F90029BC98 /* StoreKit.framework */; };
		1DB14BDF173DC4EC0029BC98 /* MyStoreObserver.m in Sources */ = {isa = PBXBuildFile; fileRef = 1DB14BDE173DC4EC0029BC98 /* MyStoreObserver.m */; };
		1DB14BE51741FBC20029BC98 /* PopPackPurchases.m in Sources */ = {isa = PBXBuildFile; fileRef = 1DB14BE41741FBC10029BC98 /* PopPackPurchases.m */; };
		1DB14BEA17458FA30029BC98 /* off_check.png in Resources */ = {isa = PBXBuildFile; fileRef = 1DB14BE817458FA30029BC98 /* off_check.png */; };
		1DB14BEB17458FA30029BC98 /* On_check.png in Resources */ = {isa = PBXBuildFile; fileRef = 1DB14BE917458FA30029BC98 /* On_check.png */; };
		1DB14BEE174590300029BC98 /* Search-Party_blue.png in Resources */ = {isa = PBXBuildFile; fileRef = 1DB14BEC174590300029BC98 /* Search-Party_blue.png */; };
		1DB14BEF174590300029BC98 /* Search-Party_Red.png in Resources */ = {isa = PBXBuildFile; fileRef = 1DB14BED174590300029BC98 /* Search-Party_Red.png */; };
		1DB14BF11745907F0029BC98 /* settings_on.png in Resources */ = {isa = PBXBuildFile; fileRef = 1DB14BF01745907F0029BC98 /* settings_on.png */; };
		1DB14BF3174590F00029BC98 /* PartyMode.png in Resources */ = {isa = PBXBuildFile; fileRef = 1DB14BF2174590F00029BC98 /* PartyMode.png */; };
		1DB14BF5174590F60029BC98 /* SINGLEPLAYER.png in Resources */ = {isa = PBXBuildFile; fileRef = 1DB14BF4174590F60029BC98 /* SINGLEPLAYER.png */; };
		1DB14BF81745A37C0029BC98 /* CelebPackPurchases.m in Sources */ = {isa = PBXBuildFile; fileRef = 1DB14BF71745A37C0029BC98 /* CelebPackPurchases.m */; };
		1DC5410F177813E5002AC98B /* credits_Search-Party-1.png in Resources */ = {isa = PBXBuildFile; fileRef = 1DC5410E177813E5002AC98B /* credits_Search-Party-1.png */; };
		1DCA78DD1797485000311A56 /* GameKit.framework in Frameworks */ = {isa = PBXBuildFile; fileRef = 1DCA78DC1797485000311A56 /* GameKit.framework */; };
		1DCA78DF170BB315008B9C63 /* firstQueries.sqlite3 in Resources */ = {isa = PBXBuildFile; fileRef = 1DCA78DE170BB315008B9C63 /* firstQueries.sqlite3 */; };
		1DCA78E31710D105008B9C63 /* CD10.mp3 in Resources */ = {isa = PBXBuildFile; fileRef = 1DCA78E21710D105008B9C63 /* CD10.mp3 */; };
		1DCA78E317975BE100311A56 /* GameCenterHelper.m in Sources */ = {isa = PBXBuildFile; fileRef = 1DCA78E217975BE100311A56 /* GameCenterHelper.m */; };
		1DD27D1C17B3354B00B28F0D /* libGoogleAnalytics.a in Frameworks */ = {isa = PBXBuildFile; fileRef = 1DD27D1B17B3354B00B28F0D /* libGoogleAnalytics.a */; };
		1DD27D1E17B3359800B28F0D /* CoreData.framework in Frameworks */ = {isa = PBXBuildFile; fileRef = 1DD27D1D17B3359800B28F0D /* CoreData.framework */; };
		1DD27D2017B335EC00B28F0D /* libGoogleAnalytics.a in Frameworks */ = {isa = PBXBuildFile; fileRef = 1DD27D1F17B335EC00B28F0D /* libGoogleAnalytics.a */; };
		1DE044B617010EF400CC35DA /* UIKit.framework in Frameworks */ = {isa = PBXBuildFile; fileRef = 1DE044B517010EF400CC35DA /* UIKit.framework */; };
		1DE044B817010EF400CC35DA /* Foundation.framework in Frameworks */ = {isa = PBXBuildFile; fileRef = 1DE044B717010EF400CC35DA /* Foundation.framework */; };
		1DE044BA17010EF400CC35DA /* CoreGraphics.framework in Frameworks */ = {isa = PBXBuildFile; fileRef = 1DE044B917010EF400CC35DA /* CoreGraphics.framework */; };
		1DE044C017010EF400CC35DA /* InfoPlist.strings in Resources */ = {isa = PBXBuildFile; fileRef = 1DE044BE17010EF400CC35DA /* InfoPlist.strings */; };
		1DE044C217010EF400CC35DA /* main.m in Sources */ = {isa = PBXBuildFile; fileRef = 1DE044C117010EF400CC35DA /* main.m */; };
		1DE044C617010EF400CC35DA /* AppDelegate.m in Sources */ = {isa = PBXBuildFile; fileRef = 1DE044C517010EF400CC35DA /* AppDelegate.m */; };
		1DE044CF17010EF400CC35DA /* MainStoryboard_iPhone.storyboard in Resources */ = {isa = PBXBuildFile; fileRef = 1DE044CD17010EF400CC35DA /* MainStoryboard_iPhone.storyboard */; };
		1DE044D217010EF400CC35DA /* MainStoryboard_iPad.storyboard in Resources */ = {isa = PBXBuildFile; fileRef = 1DE044D017010EF400CC35DA /* MainStoryboard_iPad.storyboard */; };
		1DE044D517010EF400CC35DA /* ViewController.m in Sources */ = {isa = PBXBuildFile; fileRef = 1DE044D417010EF400CC35DA /* ViewController.m */; };
		1DE044DD17010EF500CC35DA /* SenTestingKit.framework in Frameworks */ = {isa = PBXBuildFile; fileRef = 1DE044DC17010EF500CC35DA /* SenTestingKit.framework */; };
		1DE044DE17010EF500CC35DA /* UIKit.framework in Frameworks */ = {isa = PBXBuildFile; fileRef = 1DE044B517010EF400CC35DA /* UIKit.framework */; };
		1DE044DF17010EF500CC35DA /* Foundation.framework in Frameworks */ = {isa = PBXBuildFile; fileRef = 1DE044B717010EF400CC35DA /* Foundation.framework */; };
		1DE044E717010EF500CC35DA /* InfoPlist.strings in Resources */ = {isa = PBXBuildFile; fileRef = 1DE044E517010EF500CC35DA /* InfoPlist.strings */; };
		1DE044EA17010EF500CC35DA /* Search_PartyTests.m in Sources */ = {isa = PBXBuildFile; fileRef = 1DE044E917010EF500CC35DA /* Search_PartyTests.m */; };
		1DE044FA170111A000CC35DA /* GoogleSuggestions.m in Sources */ = {isa = PBXBuildFile; fileRef = 1DE044F5170111A000CC35DA /* GoogleSuggestions.m */; };
		1DE044FB170111A000CC35DA /* GoogleXMLParser.m in Sources */ = {isa = PBXBuildFile; fileRef = 1DE044F7170111A000CC35DA /* GoogleXMLParser.m */; };
		1DE044FC170111A000CC35DA /* OneSuggestion.m in Sources */ = {isa = PBXBuildFile; fileRef = 1DE044F9170111A000CC35DA /* OneSuggestion.m */; };
		1DE044FF170111B900CC35DA /* QueryDatabase.m in Sources */ = {isa = PBXBuildFile; fileRef = 1DE044FE170111B900CC35DA /* QueryDatabase.m */; };
		1DE04507170111EE00CC35DA /* phaserDown3.mp3 in Resources */ = {isa = PBXBuildFile; fileRef = 1DE04505170111EE00CC35DA /* phaserDown3.mp3 */; };
		1DE04508170111EE00CC35DA /* phaserUp2.mp3 in Resources */ = {isa = PBXBuildFile; fileRef = 1DE04506170111EE00CC35DA /* phaserUp2.mp3 */; };
		1DE0450A1701130A00CC35DA /* libsqlite3.dylib in Frameworks */ = {isa = PBXBuildFile; fileRef = 1DE045091701130A00CC35DA /* libsqlite3.dylib */; };
		1DE0450C1701133000CC35DA /* AVFoundation.framework in Frameworks */ = {isa = PBXBuildFile; fileRef = 1DE0450B1701133000CC35DA /* AVFoundation.framework */; };
		1DE04537170114A100CC35DA /* PartyModeViewController.m in Sources */ = {isa = PBXBuildFile; fileRef = 1DE04536170114A100CC35DA /* PartyModeViewController.m */; };
		1DE0453A1701177300CC35DA /* SoloModeViewController.m in Sources */ = {isa = PBXBuildFile; fileRef = 1DE045391701177200CC35DA /* SoloModeViewController.m */; };
		1DE1234D178E57150008DE44 /* SuggestRate.m in Sources */ = {isa = PBXBuildFile; fileRef = 1DE1234C178E57150008DE44 /* SuggestRate.m */; };
		1DE1234F178E719F0008DE44 /* FacebookSDK.framework in Frameworks */ = {isa = PBXBuildFile; fileRef = 1DE1234E178E719F0008DE44 /* FacebookSDK.framework */; };
		1DE12351178E72120008DE44 /* FacebookSDKResources.bundle in Resources */ = {isa = PBXBuildFile; fileRef = 1DE12350178E72120008DE44 /* FacebookSDKResources.bundle */; };
		1DE12353178E72640008DE44 /* AdSupport.framework in Frameworks */ = {isa = PBXBuildFile; fileRef = 1DE12352178E72640008DE44 /* AdSupport.framework */; settings = {ATTRIBUTES = (Weak, ); }; };
		1DE12355178E726D0008DE44 /* Accounts.framework in Frameworks */ = {isa = PBXBuildFile; fileRef = 1DE12354178E726D0008DE44 /* Accounts.framework */; settings = {ATTRIBUTES = (Weak, ); }; };
		1DE12357178E727A0008DE44 /* Security.framework in Frameworks */ = {isa = PBXBuildFile; fileRef = 1DE12356178E727A0008DE44 /* Security.framework */; settings = {ATTRIBUTES = (Weak, ); }; };
		1DE12359178E727F0008DE44 /* Social.framework in Frameworks */ = {isa = PBXBuildFile; fileRef = 1DE12358178E727F0008DE44 /* Social.framework */; settings = {ATTRIBUTES = (Weak, ); }; };
		1DE1235B178E7E100008DE44 /* FB-f-Logo__blue_50.png in Resources */ = {isa = PBXBuildFile; fileRef = 1DE1235A178E7E100008DE44 /* FB-f-Logo__blue_50.png */; };
		1DE1235F178E98E00008DE44 /* NSData+Base64.m in Sources */ = {isa = PBXBuildFile; fileRef = 1DE1235E178E98E00008DE44 /* NSData+Base64.m */; };
		1DE1237E178E9DC10008DE44 /* HttpClientHelper.m in Sources */ = {isa = PBXBuildFile; fileRef = 1DE12362178E9DC10008DE44 /* HttpClientHelper.m */; };
		1DE1237F178E9DC10008DE44 /* BaseRequest.m in Sources */ = {isa = PBXBuildFile; fileRef = 1DE12365178E9DC10008DE44 /* BaseRequest.m */; };
		1DE12380178E9DC10008DE44 /* BodyRequest.m in Sources */ = {isa = PBXBuildFile; fileRef = 1DE12367178E9DC10008DE44 /* BodyRequest.m */; };
		1DE12381178E9DC10008DE44 /* MultipartRequest.m in Sources */ = {isa = PBXBuildFile; fileRef = 1DE12369178E9DC10008DE44 /* MultipartRequest.m */; };
		1DE12382178E9DC10008DE44 /* SimpleRequest.m in Sources */ = {isa = PBXBuildFile; fileRef = 1DE1236B178E9DC10008DE44 /* SimpleRequest.m */; };
		1DE12383178E9DC10008DE44 /* HttpRequest.m in Sources */ = {isa = PBXBuildFile; fileRef = 1DE1236D178E9DC10008DE44 /* HttpRequest.m */; };
		1DE12384178E9DC10008DE44 /* HttpRequestWithBody.m in Sources */ = {isa = PBXBuildFile; fileRef = 1DE1236F178E9DC10008DE44 /* HttpRequestWithBody.m */; };
		1DE12385178E9DC10008DE44 /* HttpBinaryResponse.m in Sources */ = {isa = PBXBuildFile; fileRef = 1DE12372178E9DC10008DE44 /* HttpBinaryResponse.m */; };
		1DE12386178E9DC10008DE44 /* HttpJsonResponse.m in Sources */ = {isa = PBXBuildFile; fileRef = 1DE12374178E9DC10008DE44 /* HttpJsonResponse.m */; };
		1DE12387178E9DC10008DE44 /* HttpResponse.m in Sources */ = {isa = PBXBuildFile; fileRef = 1DE12376178E9DC10008DE44 /* HttpResponse.m */; };
		1DE12388178E9DC10008DE44 /* HttpStringResponse.m in Sources */ = {isa = PBXBuildFile; fileRef = 1DE12378178E9DC10008DE44 /* HttpStringResponse.m */; };
		1DE12389178E9DC10008DE44 /* JsonNode.m in Sources */ = {isa = PBXBuildFile; fileRef = 1DE1237A178E9DC10008DE44 /* JsonNode.m */; };
		1DE1238A178E9DC10008DE44 /* Unirest.m in Sources */ = {isa = PBXBuildFile; fileRef = 1DE1237D178E9DC10008DE44 /* Unirest.m */; };
		1DE1238B178EA9BC0008DE44 /* Unirest.m in Sources */ = {isa = PBXBuildFile; fileRef = 1DE1237D178E9DC10008DE44 /* Unirest.m */; };
		1DE1238C178EAA240008DE44 /* HttpClientHelper.m in Sources */ = {isa = PBXBuildFile; fileRef = 1DE12362178E9DC10008DE44 /* HttpClientHelper.m */; };
		1DE1238D178EAA3A0008DE44 /* HttpRequest.m in Sources */ = {isa = PBXBuildFile; fileRef = 1DE1236D178E9DC10008DE44 /* HttpRequest.m */; };
		1DE1238E178EAA430008DE44 /* HttpRequestWithBody.m in Sources */ = {isa = PBXBuildFile; fileRef = 1DE1236F178E9DC10008DE44 /* HttpRequestWithBody.m */; };
		1DE1238F178EAA4B0008DE44 /* JsonNode.m in Sources */ = {isa = PBXBuildFile; fileRef = 1DE1237A178E9DC10008DE44 /* JsonNode.m */; };
		1DE12390178EAA4E0008DE44 /* HttpStringResponse.m in Sources */ = {isa = PBXBuildFile; fileRef = 1DE12378178E9DC10008DE44 /* HttpStringResponse.m */; };
		1DE12391178EAA510008DE44 /* HttpResponse.m in Sources */ = {isa = PBXBuildFile; fileRef = 1DE12376178E9DC10008DE44 /* HttpResponse.m */; };
		1DE12392178EAA540008DE44 /* HttpJsonResponse.m in Sources */ = {isa = PBXBuildFile; fileRef = 1DE12374178E9DC10008DE44 /* HttpJsonResponse.m */; };
		1DE12393178EAA560008DE44 /* HttpBinaryResponse.m in Sources */ = {isa = PBXBuildFile; fileRef = 1DE12372178E9DC10008DE44 /* HttpBinaryResponse.m */; };
		1DE12394178EAA5C0008DE44 /* SimpleRequest.m in Sources */ = {isa = PBXBuildFile; fileRef = 1DE1236B178E9DC10008DE44 /* SimpleRequest.m */; };
		1DE12395178EAA5F0008DE44 /* MultipartRequest.m in Sources */ = {isa = PBXBuildFile; fileRef = 1DE12369178E9DC10008DE44 /* MultipartRequest.m */; };
		1DE12396178EAA610008DE44 /* BodyRequest.m in Sources */ = {isa = PBXBuildFile; fileRef = 1DE12367178E9DC10008DE44 /* BodyRequest.m */; };
		1DE12397178EAA630008DE44 /* BaseRequest.m in Sources */ = {isa = PBXBuildFile; fileRef = 1DE12365178E9DC10008DE44 /* BaseRequest.m */; };
		1DE12398178EB12E0008DE44 /* NSData+Base64.m in Sources */ = {isa = PBXBuildFile; fileRef = 1DE1235E178E98E00008DE44 /* NSData+Base64.m */; };
		1DE1239C178F348F0008DE44 /* twitter-bird-white-on-blue.png in Resources */ = {isa = PBXBuildFile; fileRef = 1DE1239B178F348F0008DE44 /* twitter-bird-white-on-blue.png */; };
		1DE1239D178F348F0008DE44 /* twitter-bird-white-on-blue.png in Resources */ = {isa = PBXBuildFile; fileRef = 1DE1239B178F348F0008DE44 /* twitter-bird-white-on-blue.png */; };
		1DE58C821791FED1008E621F /* SearchParty_Background_Green_640x1136.png in Resources */ = {isa = PBXBuildFile; fileRef = 1DE58C811791FED1008E621F /* SearchParty_Background_Green_640x1136.png */; };
		1DE58C841792013A008E621F /* SearchParty_Background_Yellow_640x1136.png in Resources */ = {isa = PBXBuildFile; fileRef = 1DE58C831792013A008E621F /* SearchParty_Background_Yellow_640x1136.png */; };
		1DE58C8617920140008E621F /* SearchParty_Background_Red_640x1136.png in Resources */ = {isa = PBXBuildFile; fileRef = 1DE58C8517920140008E621F /* SearchParty_Background_Red_640x1136.png */; };
		1DE58C881792014C008E621F /* SearchParty_Background_Blue_640x1136.png in Resources */ = {isa = PBXBuildFile; fileRef = 1DE58C871792014B008E621F /* SearchParty_Background_Blue_640x1136.png */; };
		1DE58C8A17921022008E621F /* SearchParty_Background_Yellow_640x960.png in Resources */ = {isa = PBXBuildFile; fileRef = 1DE58C8917921022008E621F /* SearchParty_Background_Yellow_640x960.png */; };
		1DE58C8C1792125B008E621F /* SearchParty_Background_Green_640x960.png in Resources */ = {isa = PBXBuildFile; fileRef = 1DE58C8B1792125B008E621F /* SearchParty_Background_Green_640x960.png */; };
		1DE58C8E17921261008E621F /* SearchParty_Background_Red_640x960.png in Resources */ = {isa = PBXBuildFile; fileRef = 1DE58C8D17921261008E621F /* SearchParty_Background_Red_640x960.png */; };
		1DE58C9017921266008E621F /* SearchParty_Background_Blue_640x960.png in Resources */ = {isa = PBXBuildFile; fileRef = 1DE58C8F17921266008E621F /* SearchParty_Background_Blue_640x960.png */; };
		1DE58C921792EAA9008E621F /* RESET.png in Resources */ = {isa = PBXBuildFile; fileRef = 1DE58C911792EAA9008E621F /* RESET.png */; };
		1DE7935F1718C0ED005BB455 /* Reachability.m in Sources */ = {isa = PBXBuildFile; fileRef = 1DE7935E1718C0ED005BB455 /* Reachability.m */; };
		1DE793611718C6B2005BB455 /* SystemConfiguration.framework in Frameworks */ = {isa = PBXBuildFile; fileRef = 1DE793601718C6B2005BB455 /* SystemConfiguration.framework */; };
		1DF81EC717B18019001FA357 /* OpenSearchInGoogle.m in Sources */ = {isa = PBXBuildFile; fileRef = 1DF81EC617B18019001FA357 /* OpenSearchInGoogle.m */; };
/* End PBXBuildFile section */

/* Begin PBXContainerItemProxy section */
		1DE044E017010EF500CC35DA /* PBXContainerItemProxy */ = {
			isa = PBXContainerItemProxy;
			containerPortal = 1DE044AA17010EF400CC35DA /* Project object */;
			proxyType = 1;
			remoteGlobalIDString = 1DE044B117010EF400CC35DA;
			remoteInfo = "Search Party";
		};
/* End PBXContainerItemProxy section */

/* Begin PBXFileReference section */
		1D05728D178E1C1600FA6C0E /* ResetAnswers.h */ = {isa = PBXFileReference; fileEncoding = 4; lastKnownFileType = sourcecode.c.h; path = ResetAnswers.h; sourceTree = "<group>"; };
		1D05728E178E1C1600FA6C0E /* ResetAnswers.m */ = {isa = PBXFileReference; fileEncoding = 4; lastKnownFileType = sourcecode.c.objc; path = ResetAnswers.m; sourceTree = "<group>"; };
		1D37BD9A172F275A00C26532 /* DejalActivityView.h */ = {isa = PBXFileReference; fileEncoding = 4; lastKnownFileType = sourcecode.c.h; path = DejalActivityView.h; sourceTree = "<group>"; };
		1D37BD9B172F275A00C26532 /* DejalActivityView.m */ = {isa = PBXFileReference; fileEncoding = 4; lastKnownFileType = sourcecode.c.objc; path = DejalActivityView.m; sourceTree = "<group>"; };
		1D37BD9E172F368000C26532 /* SearchCheckBox.h */ = {isa = PBXFileReference; fileEncoding = 4; lastKnownFileType = sourcecode.c.h; path = SearchCheckBox.h; sourceTree = "<group>"; };
		1D37BD9F172F368000C26532 /* SearchCheckBox.m */ = {isa = PBXFileReference; fileEncoding = 4; lastKnownFileType = sourcecode.c.objc; path = SearchCheckBox.m; sourceTree = "<group>"; };
		1D4BBA5317012C0D00B53E63 /* SoundEffects.h */ = {isa = PBXFileReference; fileEncoding = 4; lastKnownFileType = sourcecode.c.h; path = SoundEffects.h; sourceTree = "<group>"; };
		1D4BBA5417012C0D00B53E63 /* SoundEffects.m */ = {isa = PBXFileReference; fileEncoding = 4; lastKnownFileType = sourcecode.c.objc; path = SoundEffects.m; sourceTree = "<group>"; };
		1D713E9817593B9C00B6F231 /* rosslogo.png */ = {isa = PBXFileReference; lastKnownFileType = image.png; path = rosslogo.png; sourceTree = "<group>"; };
		1D713E9F175948CD00B6F231 /* Back.png */ = {isa = PBXFileReference; lastKnownFileType = image.png; path = Back.png; sourceTree = "<group>"; };
		1D90855C179F9FF200404E71 /* ACHIEVEMENTS.png */ = {isa = PBXFileReference; lastKnownFileType = image.png; path = ACHIEVEMENTS.png; sourceTree = "<group>"; };
		1D90855E179F9FF900404E71 /* LEADERBOARD.png */ = {isa = PBXFileReference; lastKnownFileType = image.png; path = LEADERBOARD.png; sourceTree = "<group>"; };
		1D908560179FA89E00404E71 /* Default-568h@2x.png */ = {isa = PBXFileReference; lastKnownFileType = image.png; path = "Default-568h@2x.png"; sourceTree = "<group>"; };
		1D908562179FA8A400404E71 /* Default.png */ = {isa = PBXFileReference; lastKnownFileType = image.png; path = Default.png; sourceTree = "<group>"; };
		1D908564179FA8A800404E71 /* Default@2x.png */ = {isa = PBXFileReference; lastKnownFileType = image.png; path = "Default@2x.png"; sourceTree = "<group>"; };
		1D9265E517593A1A004BB022 /* 57_logo.png */ = {isa = PBXFileReference; lastKnownFileType = image.png; path = 57_logo.png; sourceTree = "<group>"; };
		1D9265E717593A25004BB022 /* 114_logo.png */ = {isa = PBXFileReference; lastKnownFileType = image.png; path = 114_logo.png; sourceTree = "<group>"; };
		1DB14BA31736E1CA0029BC98 /* Background.png */ = {isa = PBXFileReference; lastKnownFileType = image.png; path = Background.png; sourceTree = "<group>"; };
		1DB14BA91736EE580029BC98 /* Settings.png */ = {isa = PBXFileReference; lastKnownFileType = image.png; path = Settings.png; sourceTree = "<group>"; };
		1DB14BAB1736EEFC0029BC98 /* HowToPlay.png */ = {isa = PBXFileReference; lastKnownFileType = image.png; path = HowToPlay.png; sourceTree = "<group>"; };
		1DB14BB11736F6B80029BC98 /* BacktoMenu.png */ = {isa = PBXFileReference; lastKnownFileType = image.png; path = BacktoMenu.png; sourceTree = "<group>"; };
		1DB14BB91736FC7A0029BC98 /* PlayButton.png */ = {isa = PBXFileReference; lastKnownFileType = image.png; path = PlayButton.png; sourceTree = "<group>"; };
		1DB14BBD173790640029BC98 /* NextSearch.png */ = {isa = PBXFileReference; lastKnownFileType = image.png; path = NextSearch.png; sourceTree = "<group>"; };
		1DB14BC3173791930029BC98 /* NextSearch_Off.png */ = {isa = PBXFileReference; lastKnownFileType = image.png; path = NextSearch_Off.png; sourceTree = "<group>"; };
		1DB14BC71737928E0029BC98 /* Magnifying-Glass.png */ = {isa = PBXFileReference; lastKnownFileType = image.png; path = "Magnifying-Glass.png"; sourceTree = "<group>"; };
		1DB14BCF173B12140029BC98 /* Bar.png */ = {isa = PBXFileReference; lastKnownFileType = image.png; path = Bar.png; sourceTree = "<group>"; };
		1DB14BD9173D94F90029BC98 /* StoreKit.framework */ = {isa = PBXFileReference; lastKnownFileType = wrapper.framework; name = StoreKit.framework; path = System/Library/Frameworks/StoreKit.framework; sourceTree = SDKROOT; };
		1DB14BDD173DC4EC0029BC98 /* MyStoreObserver.h */ = {isa = PBXFileReference; fileEncoding = 4; lastKnownFileType = sourcecode.c.h; path = MyStoreObserver.h; sourceTree = "<group>"; };
		1DB14BDE173DC4EC0029BC98 /* MyStoreObserver.m */ = {isa = PBXFileReference; fileEncoding = 4; lastKnownFileType = sourcecode.c.objc; path = MyStoreObserver.m; sourceTree = "<group>"; };
		1DB14BE31741FBC10029BC98 /* PopPackPurchases.h */ = {isa = PBXFileReference; fileEncoding = 4; lastKnownFileType = sourcecode.c.h; path = PopPackPurchases.h; sourceTree = "<group>"; };
		1DB14BE41741FBC10029BC98 /* PopPackPurchases.m */ = {isa = PBXFileReference; fileEncoding = 4; lastKnownFileType = sourcecode.c.objc; path = PopPackPurchases.m; sourceTree = "<group>"; };
		1DB14BE817458FA30029BC98 /* off_check.png */ = {isa = PBXFileReference; lastKnownFileType = image.png; path = off_check.png; sourceTree = "<group>"; };
		1DB14BE917458FA30029BC98 /* On_check.png */ = {isa = PBXFileReference; lastKnownFileType = image.png; path = On_check.png; sourceTree = "<group>"; };
		1DB14BEC174590300029BC98 /* Search-Party_blue.png */ = {isa = PBXFileReference; lastKnownFileType = image.png; path = "Search-Party_blue.png"; sourceTree = "<group>"; };
		1DB14BED174590300029BC98 /* Search-Party_Red.png */ = {isa = PBXFileReference; lastKnownFileType = image.png; path = "Search-Party_Red.png"; sourceTree = "<group>"; };
		1DB14BF01745907F0029BC98 /* settings_on.png */ = {isa = PBXFileReference; lastKnownFileType = image.png; path = settings_on.png; sourceTree = "<group>"; };
		1DB14BF2174590F00029BC98 /* PartyMode.png */ = {isa = PBXFileReference; lastKnownFileType = image.png; path = PartyMode.png; sourceTree = "<group>"; };
		1DB14BF4174590F60029BC98 /* SINGLEPLAYER.png */ = {isa = PBXFileReference; lastKnownFileType = image.png; path = SINGLEPLAYER.png; sourceTree = "<group>"; };
		1DB14BF61745A37C0029BC98 /* CelebPackPurchases.h */ = {isa = PBXFileReference; fileEncoding = 4; lastKnownFileType = sourcecode.c.h; path = CelebPackPurchases.h; sourceTree = "<group>"; };
		1DB14BF71745A37C0029BC98 /* CelebPackPurchases.m */ = {isa = PBXFileReference; fileEncoding = 4; lastKnownFileType = sourcecode.c.objc; path = CelebPackPurchases.m; sourceTree = "<group>"; };
		1DC5410E177813E5002AC98B /* credits_Search-Party-1.png */ = {isa = PBXFileReference; lastKnownFileType = image.png; path = "credits_Search-Party-1.png"; sourceTree = "<group>"; };
		1DCA78DC1797485000311A56 /* GameKit.framework */ = {isa = PBXFileReference; lastKnownFileType = wrapper.framework; name = GameKit.framework; path = System/Library/Frameworks/GameKit.framework; sourceTree = SDKROOT; };
		1DCA78DE170BB315008B9C63 /* firstQueries.sqlite3 */ = {isa = PBXFileReference; lastKnownFileType = file; path = firstQueries.sqlite3; sourceTree = "<group>"; };
		1DCA78E117975BE100311A56 /* GameCenterHelper.h */ = {isa = PBXFileReference; fileEncoding = 4; lastKnownFileType = sourcecode.c.h; path = GameCenterHelper.h; sourceTree = "<group>"; };
		1DCA78E21710D105008B9C63 /* CD10.mp3 */ = {isa = PBXFileReference; lastKnownFileType = audio.mp3; path = CD10.mp3; sourceTree = "<group>"; };
		1DCA78E217975BE100311A56 /* GameCenterHelper.m */ = {isa = PBXFileReference; fileEncoding = 4; lastKnownFileType = sourcecode.c.objc; path = GameCenterHelper.m; sourceTree = "<group>"; };
		1DD27D1617B3354B00B28F0D /* GAI.h */ = {isa = PBXFileReference; fileEncoding = 4; lastKnownFileType = sourcecode.c.h; path = GAI.h; sourceTree = "<group>"; };
		1DD27D1717B3354B00B28F0D /* GAITrackedViewController.h */ = {isa = PBXFileReference; fileEncoding = 4; lastKnownFileType = sourcecode.c.h; path = GAITrackedViewController.h; sourceTree = "<group>"; };
		1DD27D1817B3354B00B28F0D /* GAITracker.h */ = {isa = PBXFileReference; fileEncoding = 4; lastKnownFileType = sourcecode.c.h; path = GAITracker.h; sourceTree = "<group>"; };
		1DD27D1917B3354B00B28F0D /* GAITransaction.h */ = {isa = PBXFileReference; fileEncoding = 4; lastKnownFileType = sourcecode.c.h; path = GAITransaction.h; sourceTree = "<group>"; };
		1DD27D1A17B3354B00B28F0D /* GAITransactionItem.h */ = {isa = PBXFileReference; fileEncoding = 4; lastKnownFileType = sourcecode.c.h; path = GAITransactionItem.h; sourceTree = "<group>"; };
		1DD27D1B17B3354B00B28F0D /* libGoogleAnalytics.a */ = {isa = PBXFileReference; lastKnownFileType = archive.ar; path = libGoogleAnalytics.a; sourceTree = "<group>"; };
		1DD27D1D17B3359800B28F0D /* CoreData.framework */ = {isa = PBXFileReference; lastKnownFileType = wrapper.framework; name = CoreData.framework; path = System/Library/Frameworks/CoreData.framework; sourceTree = SDKROOT; };
		1DD27D1F17B335EC00B28F0D /* libGoogleAnalytics.a */ = {isa = PBXFileReference; lastKnownFileType = archive.ar; name = libGoogleAnalytics.a; path = "../../../Downloads/GoogleAnalyticsiOS_2.0beta4 2/Library/libGoogleAnalytics.a"; sourceTree = "<group>"; };
		1DE044B517010EF400CC35DA /* UIKit.framework */ = {isa = PBXFileReference; lastKnownFileType = wrapper.framework; name = UIKit.framework; path = System/Library/Frameworks/UIKit.framework; sourceTree = SDKROOT; };
		1DE044B717010EF400CC35DA /* Foundation.framework */ = {isa = PBXFileReference; lastKnownFileType = wrapper.framework; name = Foundation.framework; path = System/Library/Frameworks/Foundation.framework; sourceTree = SDKROOT; };
		1DE044B917010EF400CC35DA /* CoreGraphics.framework */ = {isa = PBXFileReference; lastKnownFileType = wrapper.framework; name = CoreGraphics.framework; path = System/Library/Frameworks/CoreGraphics.framework; sourceTree = SDKROOT; };
		1DE044BD17010EF400CC35DA /* Search Party-Info.plist */ = {isa = PBXFileReference; lastKnownFileType = text.plist.xml; path = "Search Party-Info.plist"; sourceTree = "<group>"; };
		1DE044BF17010EF400CC35DA /* en */ = {isa = PBXFileReference; lastKnownFileType = text.plist.strings; name = en; path = en.lproj/InfoPlist.strings; sourceTree = "<group>"; };
		1DE044C117010EF400CC35DA /* main.m */ = {isa = PBXFileReference; lastKnownFileType = sourcecode.c.objc; path = main.m; sourceTree = "<group>"; };
		1DE044C317010EF400CC35DA /* Search Party-Prefix.pch */ = {isa = PBXFileReference; lastKnownFileType = sourcecode.c.h; path = "Search Party-Prefix.pch"; sourceTree = "<group>"; };
		1DE044C417010EF400CC35DA /* AppDelegate.h */ = {isa = PBXFileReference; lastKnownFileType = sourcecode.c.h; path = AppDelegate.h; sourceTree = "<group>"; };
		1DE044C517010EF400CC35DA /* AppDelegate.m */ = {isa = PBXFileReference; lastKnownFileType = sourcecode.c.objc; path = AppDelegate.m; sourceTree = "<group>"; };
		1DE044C717010EF400CC35DA /* Default.png */ = {isa = PBXFileReference; lastKnownFileType = image.png; path = Default.png; sourceTree = "<group>"; };
		1DE044C917010EF400CC35DA /* Default@2x.png */ = {isa = PBXFileReference; lastKnownFileType = image.png; path = "Default@2x.png"; sourceTree = "<group>"; };
		1DE044CB17010EF400CC35DA /* Default-568h@2x.png */ = {isa = PBXFileReference; lastKnownFileType = image.png; path = "Default-568h@2x.png"; sourceTree = "<group>"; };
		1DE044CE17010EF400CC35DA /* en */ = {isa = PBXFileReference; lastKnownFileType = file.storyboard; name = en; path = en.lproj/MainStoryboard_iPhone.storyboard; sourceTree = "<group>"; };
		1DE044D117010EF400CC35DA /* en */ = {isa = PBXFileReference; lastKnownFileType = file.storyboard; name = en; path = en.lproj/MainStoryboard_iPad.storyboard; sourceTree = "<group>"; };
		1DE044D317010EF400CC35DA /* ViewController.h */ = {isa = PBXFileReference; lastKnownFileType = sourcecode.c.h; path = ViewController.h; sourceTree = "<group>"; };
		1DE044D417010EF400CC35DA /* ViewController.m */ = {isa = PBXFileReference; lastKnownFileType = sourcecode.c.objc; path = ViewController.m; sourceTree = "<group>"; };
		1DE044DC17010EF500CC35DA /* SenTestingKit.framework */ = {isa = PBXFileReference; lastKnownFileType = wrapper.framework; name = SenTestingKit.framework; path = Library/Frameworks/SenTestingKit.framework; sourceTree = DEVELOPER_DIR; };
		1DE044E417010EF500CC35DA /* Search PartyTests-Info.plist */ = {isa = PBXFileReference; lastKnownFileType = text.plist.xml; path = "Search PartyTests-Info.plist"; sourceTree = "<group>"; };
		1DE044E617010EF500CC35DA /* en */ = {isa = PBXFileReference; lastKnownFileType = text.plist.strings; name = en; path = en.lproj/InfoPlist.strings; sourceTree = "<group>"; };
		1DE044E817010EF500CC35DA /* Search_PartyTests.h */ = {isa = PBXFileReference; lastKnownFileType = sourcecode.c.h; path = Search_PartyTests.h; sourceTree = "<group>"; };
		1DE044E917010EF500CC35DA /* Search_PartyTests.m */ = {isa = PBXFileReference; lastKnownFileType = sourcecode.c.objc; path = Search_PartyTests.m; sourceTree = "<group>"; };
		1DE044F4170111A000CC35DA /* GoogleSuggestions.h */ = {isa = PBXFileReference; fileEncoding = 4; lastKnownFileType = sourcecode.c.h; path = GoogleSuggestions.h; sourceTree = "<group>"; };
		1DE044F5170111A000CC35DA /* GoogleSuggestions.m */ = {isa = PBXFileReference; fileEncoding = 4; lastKnownFileType = sourcecode.c.objc; path = GoogleSuggestions.m; sourceTree = "<group>"; };
		1DE044F6170111A000CC35DA /* GoogleXMLParser.h */ = {isa = PBXFileReference; fileEncoding = 4; lastKnownFileType = sourcecode.c.h; path = GoogleXMLParser.h; sourceTree = "<group>"; };
		1DE044F7170111A000CC35DA /* GoogleXMLParser.m */ = {isa = PBXFileReference; fileEncoding = 4; lastKnownFileType = sourcecode.c.objc; path = GoogleXMLParser.m; sourceTree = "<group>"; };
		1DE044F8170111A000CC35DA /* OneSuggestion.h */ = {isa = PBXFileReference; fileEncoding = 4; lastKnownFileType = sourcecode.c.h; path = OneSuggestion.h; sourceTree = "<group>"; };
		1DE044F9170111A000CC35DA /* OneSuggestion.m */ = {isa = PBXFileReference; fileEncoding = 4; lastKnownFileType = sourcecode.c.objc; path = OneSuggestion.m; sourceTree = "<group>"; };
		1DE044FD170111B900CC35DA /* QueryDatabase.h */ = {isa = PBXFileReference; fileEncoding = 4; lastKnownFileType = sourcecode.c.h; path = QueryDatabase.h; sourceTree = "<group>"; };
		1DE044FE170111B900CC35DA /* QueryDatabase.m */ = {isa = PBXFileReference; fileEncoding = 4; lastKnownFileType = sourcecode.c.objc; path = QueryDatabase.m; sourceTree = "<group>"; };
		1DE04502170111E000CC35DA /* Constants.h */ = {isa = PBXFileReference; fileEncoding = 4; lastKnownFileType = sourcecode.c.h; path = Constants.h; sourceTree = "<group>"; };
		1DE04505170111EE00CC35DA /* phaserDown3.mp3 */ = {isa = PBXFileReference; lastKnownFileType = audio.mp3; path = phaserDown3.mp3; sourceTree = "<group>"; };
		1DE04506170111EE00CC35DA /* phaserUp2.mp3 */ = {isa = PBXFileReference; lastKnownFileType = audio.mp3; path = phaserUp2.mp3; sourceTree = "<group>"; };
		1DE045091701130A00CC35DA /* libsqlite3.dylib */ = {isa = PBXFileReference; lastKnownFileType = "compiled.mach-o.dylib"; name = libsqlite3.dylib; path = usr/lib/libsqlite3.dylib; sourceTree = SDKROOT; };
		1DE0450B1701133000CC35DA /* AVFoundation.framework */ = {isa = PBXFileReference; lastKnownFileType = wrapper.framework; name = AVFoundation.framework; path = System/Library/Frameworks/AVFoundation.framework; sourceTree = SDKROOT; };
		1DE04535170114A100CC35DA /* PartyModeViewController.h */ = {isa = PBXFileReference; fileEncoding = 4; lastKnownFileType = sourcecode.c.h; path = PartyModeViewController.h; sourceTree = "<group>"; };
		1DE04536170114A100CC35DA /* PartyModeViewController.m */ = {isa = PBXFileReference; fileEncoding = 4; lastKnownFileType = sourcecode.c.objc; path = PartyModeViewController.m; sourceTree = "<group>"; };
		1DE045381701177200CC35DA /* SoloModeViewController.h */ = {isa = PBXFileReference; fileEncoding = 4; lastKnownFileType = sourcecode.c.h; path = SoloModeViewController.h; sourceTree = "<group>"; };
		1DE045391701177200CC35DA /* SoloModeViewController.m */ = {isa = PBXFileReference; fileEncoding = 4; lastKnownFileType = sourcecode.c.objc; path = SoloModeViewController.m; sourceTree = "<group>"; };
		1DE1234B178E57150008DE44 /* SuggestRate.h */ = {isa = PBXFileReference; fileEncoding = 4; lastKnownFileType = sourcecode.c.h; path = SuggestRate.h; sourceTree = "<group>"; };
		1DE1234C178E57150008DE44 /* SuggestRate.m */ = {isa = PBXFileReference; fileEncoding = 4; lastKnownFileType = sourcecode.c.objc; path = SuggestRate.m; sourceTree = "<group>"; };
		1DE1234E178E719F0008DE44 /* FacebookSDK.framework */ = {isa = PBXFileReference; lastKnownFileType = wrapper.framework; path = FacebookSDK.framework; sourceTree = "<group>"; };
		1DE12350178E72120008DE44 /* FacebookSDKResources.bundle */ = {isa = PBXFileReference; lastKnownFileType = "wrapper.plug-in"; path = FacebookSDKResources.bundle; sourceTree = "<group>"; };
		1DE12352178E72640008DE44 /* AdSupport.framework */ = {isa = PBXFileReference; lastKnownFileType = wrapper.framework; name = AdSupport.framework; path = System/Library/Frameworks/AdSupport.framework; sourceTree = SDKROOT; };
		1DE12354178E726D0008DE44 /* Accounts.framework */ = {isa = PBXFileReference; lastKnownFileType = wrapper.framework; name = Accounts.framework; path = System/Library/Frameworks/Accounts.framework; sourceTree = SDKROOT; };
		1DE12356178E727A0008DE44 /* Security.framework */ = {isa = PBXFileReference; lastKnownFileType = wrapper.framework; name = Security.framework; path = System/Library/Frameworks/Security.framework; sourceTree = SDKROOT; };
		1DE12358178E727F0008DE44 /* Social.framework */ = {isa = PBXFileReference; lastKnownFileType = wrapper.framework; name = Social.framework; path = System/Library/Frameworks/Social.framework; sourceTree = SDKROOT; };
		1DE1235A178E7E100008DE44 /* FB-f-Logo__blue_50.png */ = {isa = PBXFileReference; lastKnownFileType = image.png; path = "FB-f-Logo__blue_50.png"; sourceTree = "<group>"; };
		1DE1235D178E98E00008DE44 /* NSData+Base64.h */ = {isa = PBXFileReference; fileEncoding = 4; lastKnownFileType = sourcecode.c.h; path = "NSData+Base64.h"; sourceTree = "<group>"; };
		1DE1235E178E98E00008DE44 /* NSData+Base64.m */ = {isa = PBXFileReference; fileEncoding = 4; lastKnownFileType = sourcecode.c.objc; path = "NSData+Base64.m"; sourceTree = "<group>"; };
		1DE12361178E9DC10008DE44 /* HttpClientHelper.h */ = {isa = PBXFileReference; fileEncoding = 4; lastKnownFileType = sourcecode.c.h; path = HttpClientHelper.h; sourceTree = "<group>"; };
		1DE12362178E9DC10008DE44 /* HttpClientHelper.m */ = {isa = PBXFileReference; fileEncoding = 4; lastKnownFileType = sourcecode.c.objc; path = HttpClientHelper.m; sourceTree = "<group>"; };
		1DE12364178E9DC10008DE44 /* BaseRequest.h */ = {isa = PBXFileReference; fileEncoding = 4; lastKnownFileType = sourcecode.c.h; path = BaseRequest.h; sourceTree = "<group>"; };
		1DE12365178E9DC10008DE44 /* BaseRequest.m */ = {isa = PBXFileReference; fileEncoding = 4; lastKnownFileType = sourcecode.c.objc; path = BaseRequest.m; sourceTree = "<group>"; };
		1DE12366178E9DC10008DE44 /* BodyRequest.h */ = {isa = PBXFileReference; fileEncoding = 4; lastKnownFileType = sourcecode.c.h; path = BodyRequest.h; sourceTree = "<group>"; };
		1DE12367178E9DC10008DE44 /* BodyRequest.m */ = {isa = PBXFileReference; fileEncoding = 4; lastKnownFileType = sourcecode.c.objc; path = BodyRequest.m; sourceTree = "<group>"; };
		1DE12368178E9DC10008DE44 /* MultipartRequest.h */ = {isa = PBXFileReference; fileEncoding = 4; lastKnownFileType = sourcecode.c.h; path = MultipartRequest.h; sourceTree = "<group>"; };
		1DE12369178E9DC10008DE44 /* MultipartRequest.m */ = {isa = PBXFileReference; fileEncoding = 4; lastKnownFileType = sourcecode.c.objc; path = MultipartRequest.m; sourceTree = "<group>"; };
		1DE1236A178E9DC10008DE44 /* SimpleRequest.h */ = {isa = PBXFileReference; fileEncoding = 4; lastKnownFileType = sourcecode.c.h; path = SimpleRequest.h; sourceTree = "<group>"; };
		1DE1236B178E9DC10008DE44 /* SimpleRequest.m */ = {isa = PBXFileReference; fileEncoding = 4; lastKnownFileType = sourcecode.c.objc; path = SimpleRequest.m; sourceTree = "<group>"; };
		1DE1236C178E9DC10008DE44 /* HttpRequest.h */ = {isa = PBXFileReference; fileEncoding = 4; lastKnownFileType = sourcecode.c.h; path = HttpRequest.h; sourceTree = "<group>"; };
		1DE1236D178E9DC10008DE44 /* HttpRequest.m */ = {isa = PBXFileReference; fileEncoding = 4; lastKnownFileType = sourcecode.c.objc; path = HttpRequest.m; sourceTree = "<group>"; };
		1DE1236E178E9DC10008DE44 /* HttpRequestWithBody.h */ = {isa = PBXFileReference; fileEncoding = 4; lastKnownFileType = sourcecode.c.h; path = HttpRequestWithBody.h; sourceTree = "<group>"; };
		1DE1236F178E9DC10008DE44 /* HttpRequestWithBody.m */ = {isa = PBXFileReference; fileEncoding = 4; lastKnownFileType = sourcecode.c.objc; path = HttpRequestWithBody.m; sourceTree = "<group>"; };
		1DE12371178E9DC10008DE44 /* HttpBinaryResponse.h */ = {isa = PBXFileReference; fileEncoding = 4; lastKnownFileType = sourcecode.c.h; path = HttpBinaryResponse.h; sourceTree = "<group>"; };
		1DE12372178E9DC10008DE44 /* HttpBinaryResponse.m */ = {isa = PBXFileReference; fileEncoding = 4; lastKnownFileType = sourcecode.c.objc; path = HttpBinaryResponse.m; sourceTree = "<group>"; };
		1DE12373178E9DC10008DE44 /* HttpJsonResponse.h */ = {isa = PBXFileReference; fileEncoding = 4; lastKnownFileType = sourcecode.c.h; path = HttpJsonResponse.h; sourceTree = "<group>"; };
		1DE12374178E9DC10008DE44 /* HttpJsonResponse.m */ = {isa = PBXFileReference; fileEncoding = 4; lastKnownFileType = sourcecode.c.objc; path = HttpJsonResponse.m; sourceTree = "<group>"; };
		1DE12375178E9DC10008DE44 /* HttpResponse.h */ = {isa = PBXFileReference; fileEncoding = 4; lastKnownFileType = sourcecode.c.h; path = HttpResponse.h; sourceTree = "<group>"; };
		1DE12376178E9DC10008DE44 /* HttpResponse.m */ = {isa = PBXFileReference; fileEncoding = 4; lastKnownFileType = sourcecode.c.objc; path = HttpResponse.m; sourceTree = "<group>"; };
		1DE12377178E9DC10008DE44 /* HttpStringResponse.h */ = {isa = PBXFileReference; fileEncoding = 4; lastKnownFileType = sourcecode.c.h; path = HttpStringResponse.h; sourceTree = "<group>"; };
		1DE12378178E9DC10008DE44 /* HttpStringResponse.m */ = {isa = PBXFileReference; fileEncoding = 4; lastKnownFileType = sourcecode.c.objc; path = HttpStringResponse.m; sourceTree = "<group>"; };
		1DE12379178E9DC10008DE44 /* JsonNode.h */ = {isa = PBXFileReference; fileEncoding = 4; lastKnownFileType = sourcecode.c.h; path = JsonNode.h; sourceTree = "<group>"; };
		1DE1237A178E9DC10008DE44 /* JsonNode.m */ = {isa = PBXFileReference; fileEncoding = 4; lastKnownFileType = sourcecode.c.objc; path = JsonNode.m; sourceTree = "<group>"; };
		1DE1237B178E9DC10008DE44 /* Unirest-Prefix.pch */ = {isa = PBXFileReference; fileEncoding = 4; lastKnownFileType = sourcecode.c.h; path = "Unirest-Prefix.pch"; sourceTree = "<group>"; };
		1DE1237C178E9DC10008DE44 /* Unirest.h */ = {isa = PBXFileReference; fileEncoding = 4; lastKnownFileType = sourcecode.c.h; path = Unirest.h; sourceTree = "<group>"; };
		1DE1237D178E9DC10008DE44 /* Unirest.m */ = {isa = PBXFileReference; fileEncoding = 4; lastKnownFileType = sourcecode.c.objc; path = Unirest.m; sourceTree = "<group>"; };
		1DE1239B178F348F0008DE44 /* twitter-bird-white-on-blue.png */ = {isa = PBXFileReference; lastKnownFileType = image.png; path = "twitter-bird-white-on-blue.png"; sourceTree = "<group>"; };
		1DE58C811791FED1008E621F /* SearchParty_Background_Green_640x1136.png */ = {isa = PBXFileReference; lastKnownFileType = image.png; path = SearchParty_Background_Green_640x1136.png; sourceTree = "<group>"; };
		1DE58C831792013A008E621F /* SearchParty_Background_Yellow_640x1136.png */ = {isa = PBXFileReference; lastKnownFileType = image.png; path = SearchParty_Background_Yellow_640x1136.png; sourceTree = "<group>"; };
		1DE58C8517920140008E621F /* SearchParty_Background_Red_640x1136.png */ = {isa = PBXFileReference; lastKnownFileType = image.png; path = SearchParty_Background_Red_640x1136.png; sourceTree = "<group>"; };
		1DE58C871792014B008E621F /* SearchParty_Background_Blue_640x1136.png */ = {isa = PBXFileReference; lastKnownFileType = image.png; path = SearchParty_Background_Blue_640x1136.png; sourceTree = "<group>"; };
		1DE58C8917921022008E621F /* SearchParty_Background_Yellow_640x960.png */ = {isa = PBXFileReference; lastKnownFileType = image.png; path = SearchParty_Background_Yellow_640x960.png; sourceTree = "<group>"; };
		1DE58C8B1792125B008E621F /* SearchParty_Background_Green_640x960.png */ = {isa = PBXFileReference; lastKnownFileType = image.png; path = SearchParty_Background_Green_640x960.png; sourceTree = "<group>"; };
		1DE58C8D17921261008E621F /* SearchParty_Background_Red_640x960.png */ = {isa = PBXFileReference; lastKnownFileType = image.png; path = SearchParty_Background_Red_640x960.png; sourceTree = "<group>"; };
		1DE58C8F17921266008E621F /* SearchParty_Background_Blue_640x960.png */ = {isa = PBXFileReference; lastKnownFileType = image.png; path = SearchParty_Background_Blue_640x960.png; sourceTree = "<group>"; };
		1DE58C911792EAA9008E621F /* RESET.png */ = {isa = PBXFileReference; lastKnownFileType = image.png; path = RESET.png; sourceTree = "<group>"; };
		1DE7935D1718C0ED005BB455 /* Reachability.h */ = {isa = PBXFileReference; fileEncoding = 4; lastKnownFileType = sourcecode.c.h; path = Reachability.h; sourceTree = "<group>"; };
		1DE7935E1718C0ED005BB455 /* Reachability.m */ = {isa = PBXFileReference; fileEncoding = 4; lastKnownFileType = sourcecode.c.objc; path = Reachability.m; sourceTree = "<group>"; };
		1DE793601718C6B2005BB455 /* SystemConfiguration.framework */ = {isa = PBXFileReference; lastKnownFileType = wrapper.framework; name = SystemConfiguration.framework; path = System/Library/Frameworks/SystemConfiguration.framework; sourceTree = SDKROOT; };
		1DE8BF4A1715FE0B00CF747A /* Search Party.app */ = {isa = PBXFileReference; explicitFileType = wrapper.application; includeInIndex = 0; path = "Search Party.app"; sourceTree = BUILT_PRODUCTS_DIR; };
		1DE8BF4B1715FE0B00CF747A /* Search PartyTests.octest */ = {isa = PBXFileReference; explicitFileType = wrapper.cfbundle; includeInIndex = 0; path = "Search PartyTests.octest"; sourceTree = BUILT_PRODUCTS_DIR; };
		1DF81EC517B18019001FA357 /* OpenSearchInGoogle.h */ = {isa = PBXFileReference; fileEncoding = 4; lastKnownFileType = sourcecode.c.h; path = OpenSearchInGoogle.h; sourceTree = "<group>"; };
		1DF81EC617B18019001FA357 /* OpenSearchInGoogle.m */ = {isa = PBXFileReference; fileEncoding = 4; lastKnownFileType = sourcecode.c.objc; path = OpenSearchInGoogle.m; sourceTree = "<group>"; };
/* End PBXFileReference section */

/* Begin PBXFrameworksBuildPhase section */
		1DE044AF17010EF400CC35DA /* Frameworks */ = {
			isa = PBXFrameworksBuildPhase;
			buildActionMask = 2147483647;
			files = (
				1DD27D2017B335EC00B28F0D /* libGoogleAnalytics.a in Frameworks */,
				1DE793611718C6B2005BB455 /* SystemConfiguration.framework in Frameworks */,
				1DD27D1E17B3359800B28F0D /* CoreData.framework in Frameworks */,
				1DCA78DD1797485000311A56 /* GameKit.framework in Frameworks */,
				1DE12359178E727F0008DE44 /* Social.framework in Frameworks */,
				1DE12357178E727A0008DE44 /* Security.framework in Frameworks */,
				1DE12355178E726D0008DE44 /* Accounts.framework in Frameworks */,
				1DE12353178E72640008DE44 /* AdSupport.framework in Frameworks */,
				1DB14BDA173D94F90029BC98 /* StoreKit.framework in Frameworks */,
				1DE0450C1701133000CC35DA /* AVFoundation.framework in Frameworks */,
				1DE0450A1701130A00CC35DA /* libsqlite3.dylib in Frameworks */,
				1DE044B617010EF400CC35DA /* UIKit.framework in Frameworks */,
				1DE044B817010EF400CC35DA /* Foundation.framework in Frameworks */,
				1DE044BA17010EF400CC35DA /* CoreGraphics.framework in Frameworks */,
				1DE1234F178E719F0008DE44 /* FacebookSDK.framework in Frameworks */,
			);
			runOnlyForDeploymentPostprocessing = 0;
		};
		1DE044D717010EF500CC35DA /* Frameworks */ = {
			isa = PBXFrameworksBuildPhase;
			buildActionMask = 2147483647;
			files = (
				1DE044DD17010EF500CC35DA /* SenTestingKit.framework in Frameworks */,
				1DE044DE17010EF500CC35DA /* UIKit.framework in Frameworks */,
				1DE044DF17010EF500CC35DA /* Foundation.framework in Frameworks */,
				1DD27D1C17B3354B00B28F0D /* libGoogleAnalytics.a in Frameworks */,
			);
			runOnlyForDeploymentPostprocessing = 0;
		};
/* End PBXFrameworksBuildPhase section */

/* Begin PBXGroup section */
		1D37BDA1172F3D7300C26532 /* Images */ = {
			isa = PBXGroup;
			children = (
				1D90855E179F9FF900404E71 /* LEADERBOARD.png */,
				1D90855C179F9FF200404E71 /* ACHIEVEMENTS.png */,
				1DE58C911792EAA9008E621F /* RESET.png */,
				1DE58C8F17921266008E621F /* SearchParty_Background_Blue_640x960.png */,
				1DE58C8D17921261008E621F /* SearchParty_Background_Red_640x960.png */,
				1DE58C8B1792125B008E621F /* SearchParty_Background_Green_640x960.png */,
				1DE58C8917921022008E621F /* SearchParty_Background_Yellow_640x960.png */,
				1DE58C871792014B008E621F /* SearchParty_Background_Blue_640x1136.png */,
				1DE58C8517920140008E621F /* SearchParty_Background_Red_640x1136.png */,
				1DE58C831792013A008E621F /* SearchParty_Background_Yellow_640x1136.png */,
				1DE58C811791FED1008E621F /* SearchParty_Background_Green_640x1136.png */,
				1DE1239B178F348F0008DE44 /* twitter-bird-white-on-blue.png */,
				1DE1235A178E7E100008DE44 /* FB-f-Logo__blue_50.png */,
				1DC5410E177813E5002AC98B /* credits_Search-Party-1.png */,
				1D713E9F175948CD00B6F231 /* Back.png */,
				1D713E9817593B9C00B6F231 /* rosslogo.png */,
				1DB14BF4174590F60029BC98 /* SINGLEPLAYER.png */,
				1DB14BF2174590F00029BC98 /* PartyMode.png */,
				1DB14BF01745907F0029BC98 /* settings_on.png */,
				1DB14BEC174590300029BC98 /* Search-Party_blue.png */,
				1DB14BED174590300029BC98 /* Search-Party_Red.png */,
				1DB14BE817458FA30029BC98 /* off_check.png */,
				1DB14BE917458FA30029BC98 /* On_check.png */,
				1DB14BCF173B12140029BC98 /* Bar.png */,
				1DB14BC71737928E0029BC98 /* Magnifying-Glass.png */,
				1DB14BC3173791930029BC98 /* NextSearch_Off.png */,
				1DB14BBD173790640029BC98 /* NextSearch.png */,
				1DB14BB91736FC7A0029BC98 /* PlayButton.png */,
				1DB14BB11736F6B80029BC98 /* BacktoMenu.png */,
				1DB14BAB1736EEFC0029BC98 /* HowToPlay.png */,
				1DB14BA91736EE580029BC98 /* Settings.png */,
				1DB14BA31736E1CA0029BC98 /* Background.png */,
			);
			name = Images;
			sourceTree = "<group>";
		};
		1DD27D1517B3354000B28F0D /* Google Analytics */ = {
			isa = PBXGroup;
			children = (
				1DD27D1617B3354B00B28F0D /* GAI.h */,
				1DD27D1717B3354B00B28F0D /* GAITrackedViewController.h */,
				1DD27D1817B3354B00B28F0D /* GAITracker.h */,
				1DD27D1917B3354B00B28F0D /* GAITransaction.h */,
				1DD27D1A17B3354B00B28F0D /* GAITransactionItem.h */,
				1DD27D1B17B3354B00B28F0D /* libGoogleAnalytics.a */,
			);
			name = "Google Analytics";
			sourceTree = "<group>";
		};
		1DE044A917010EF400CC35DA = {
			isa = PBXGroup;
			children = (
				1D908564179FA8A800404E71 /* Default@2x.png */,
				1D908562179FA8A400404E71 /* Default.png */,
				1D908560179FA89E00404E71 /* Default-568h@2x.png */,
				1D9265E717593A25004BB022 /* 114_logo.png */,
				1D9265E517593A1A004BB022 /* 57_logo.png */,
				1DE04500170111C400CC35DA /* Resources */,
				1DE044F31701117300CC35DA /* Classes */,
				1DE044BB17010EF400CC35DA /* Search Party */,
				1DE044E217010EF500CC35DA /* Search PartyTests */,
				1DE044B417010EF400CC35DA /* Frameworks */,
				1DE8BF4A1715FE0B00CF747A /* Search Party.app */,
				1DE8BF4B1715FE0B00CF747A /* Search PartyTests.octest */,
			);
			sourceTree = "<group>";
		};
		1DE044B417010EF400CC35DA /* Frameworks */ = {
			isa = PBXGroup;
			children = (
				1DD27D1F17B335EC00B28F0D /* libGoogleAnalytics.a */,
				1DD27D1D17B3359800B28F0D /* CoreData.framework */,
				1DCA78DC1797485000311A56 /* GameKit.framework */,
				1DE12358178E727F0008DE44 /* Social.framework */,
				1DE12356178E727A0008DE44 /* Security.framework */,
				1DE12354178E726D0008DE44 /* Accounts.framework */,
				1DE12352178E72640008DE44 /* AdSupport.framework */,
				1DE12350178E72120008DE44 /* FacebookSDKResources.bundle */,
				1DE1234E178E719F0008DE44 /* FacebookSDK.framework */,
				1DB14BD9173D94F90029BC98 /* StoreKit.framework */,
				1DE793601718C6B2005BB455 /* SystemConfiguration.framework */,
				1DE0450B1701133000CC35DA /* AVFoundation.framework */,
				1DE045091701130A00CC35DA /* libsqlite3.dylib */,
				1DE044B517010EF400CC35DA /* UIKit.framework */,
				1DE044B717010EF400CC35DA /* Foundation.framework */,
				1DE044B917010EF400CC35DA /* CoreGraphics.framework */,
				1DE044DC17010EF500CC35DA /* SenTestingKit.framework */,
			);
			name = Frameworks;
			sourceTree = "<group>";
		};
		1DE044BB17010EF400CC35DA /* Search Party */ = {
			isa = PBXGroup;
			children = (
				1DE04535170114A100CC35DA /* PartyModeViewController.h */,
				1DE04536170114A100CC35DA /* PartyModeViewController.m */,
				1DE045381701177200CC35DA /* SoloModeViewController.h */,
				1DE045391701177200CC35DA /* SoloModeViewController.m */,
				1DE044D317010EF400CC35DA /* ViewController.h */,
				1DE044D417010EF400CC35DA /* ViewController.m */,
				1DE044C417010EF400CC35DA /* AppDelegate.h */,
				1DE044C517010EF400CC35DA /* AppDelegate.m */,
				1DE044CD17010EF400CC35DA /* MainStoryboard_iPhone.storyboard */,
				1DE044D017010EF400CC35DA /* MainStoryboard_iPad.storyboard */,
				1DE044BC17010EF400CC35DA /* Supporting Files */,
			);
			path = "Search Party";
			sourceTree = "<group>";
		};
		1DE044BC17010EF400CC35DA /* Supporting Files */ = {
			isa = PBXGroup;
			children = (
				1DE044BD17010EF400CC35DA /* Search Party-Info.plist */,
				1DE044BE17010EF400CC35DA /* InfoPlist.strings */,
				1DE044C117010EF400CC35DA /* main.m */,
				1DE044C317010EF400CC35DA /* Search Party-Prefix.pch */,
				1DE044C717010EF400CC35DA /* Default.png */,
				1DE044C917010EF400CC35DA /* Default@2x.png */,
				1DE044CB17010EF400CC35DA /* Default-568h@2x.png */,
			);
			name = "Supporting Files";
			sourceTree = "<group>";
		};
		1DE044E217010EF500CC35DA /* Search PartyTests */ = {
			isa = PBXGroup;
			children = (
				1DE044E817010EF500CC35DA /* Search_PartyTests.h */,
				1DE044E917010EF500CC35DA /* Search_PartyTests.m */,
				1DE044E317010EF500CC35DA /* Supporting Files */,
			);
			path = "Search PartyTests";
			sourceTree = "<group>";
		};
		1DE044E317010EF500CC35DA /* Supporting Files */ = {
			isa = PBXGroup;
			children = (
				1DE044E417010EF500CC35DA /* Search PartyTests-Info.plist */,
				1DE044E517010EF500CC35DA /* InfoPlist.strings */,
			);
			name = "Supporting Files";
			sourceTree = "<group>";
		};
		1DE044F31701117300CC35DA /* Classes */ = {
			isa = PBXGroup;
			children = (
				1DD27D1517B3354000B28F0D /* Google Analytics */,
				1DE12360178E9DC10008DE44 /* Unirest */,
				1DE1235D178E98E00008DE44 /* NSData+Base64.h */,
				1DE1235E178E98E00008DE44 /* NSData+Base64.m */,
				1D37BD9A172F275A00C26532 /* DejalActivityView.h */,
				1D37BD9B172F275A00C26532 /* DejalActivityView.m */,
				1DE7935D1718C0ED005BB455 /* Reachability.h */,
				1DE7935E1718C0ED005BB455 /* Reachability.m */,
				1DE044FD170111B900CC35DA /* QueryDatabase.h */,
				1DE044FE170111B900CC35DA /* QueryDatabase.m */,
				1DE044F4170111A000CC35DA /* GoogleSuggestions.h */,
				1DE044F5170111A000CC35DA /* GoogleSuggestions.m */,
				1DE044F6170111A000CC35DA /* GoogleXMLParser.h */,
				1DE044F7170111A000CC35DA /* GoogleXMLParser.m */,
				1DE044F8170111A000CC35DA /* OneSuggestion.h */,
				1DE044F9170111A000CC35DA /* OneSuggestion.m */,
				1D4BBA5317012C0D00B53E63 /* SoundEffects.h */,
				1D4BBA5417012C0D00B53E63 /* SoundEffects.m */,
				1D37BD9E172F368000C26532 /* SearchCheckBox.h */,
				1D37BD9F172F368000C26532 /* SearchCheckBox.m */,
				1DB14BDD173DC4EC0029BC98 /* MyStoreObserver.h */,
				1DB14BDE173DC4EC0029BC98 /* MyStoreObserver.m */,
				1DB14BE31741FBC10029BC98 /* PopPackPurchases.h */,
				1DB14BE41741FBC10029BC98 /* PopPackPurchases.m */,
				1DB14BF61745A37C0029BC98 /* CelebPackPurchases.h */,
				1DB14BF71745A37C0029BC98 /* CelebPackPurchases.m */,
				1D05728D178E1C1600FA6C0E /* ResetAnswers.h */,
				1D05728E178E1C1600FA6C0E /* ResetAnswers.m */,
				1DE1234B178E57150008DE44 /* SuggestRate.h */,
				1DE1234C178E57150008DE44 /* SuggestRate.m */,
				1DCA78E117975BE100311A56 /* GameCenterHelper.h */,
				1DCA78E217975BE100311A56 /* GameCenterHelper.m */,
				1DF81EC517B18019001FA357 /* OpenSearchInGoogle.h */,
				1DF81EC617B18019001FA357 /* OpenSearchInGoogle.m */,
			);
			name = Classes;
			sourceTree = "<group>";
		};
		1DE04500170111C400CC35DA /* Resources */ = {
			isa = PBXGroup;
			children = (
				1DCA78DE170BB315008B9C63 /* firstQueries.sqlite3 */,
				1DE04502170111E000CC35DA /* Constants.h */,
				1D37BDA1172F3D7300C26532 /* Images */,
				1DE04501170111D100CC35DA /* Sounds */,
			);
			name = Resources;
			sourceTree = "<group>";
		};
		1DE04501170111D100CC35DA /* Sounds */ = {
			isa = PBXGroup;
			children = (
				1DCA78E21710D105008B9C63 /* CD10.mp3 */,
				1DE04505170111EE00CC35DA /* phaserDown3.mp3 */,
				1DE04506170111EE00CC35DA /* phaserUp2.mp3 */,
			);
			name = Sounds;
			sourceTree = "<group>";
		};
		1DE12360178E9DC10008DE44 /* Unirest */ = {
			isa = PBXGroup;
			children = (
				1DE12361178E9DC10008DE44 /* HttpClientHelper.h */,
				1DE12362178E9DC10008DE44 /* HttpClientHelper.m */,
				1DE12363178E9DC10008DE44 /* HttpRequest */,
				1DE1236C178E9DC10008DE44 /* HttpRequest.h */,
				1DE1236D178E9DC10008DE44 /* HttpRequest.m */,
				1DE1236E178E9DC10008DE44 /* HttpRequestWithBody.h */,
				1DE1236F178E9DC10008DE44 /* HttpRequestWithBody.m */,
				1DE12370178E9DC10008DE44 /* HttpResponse */,
				1DE1237B178E9DC10008DE44 /* Unirest-Prefix.pch */,
				1DE1237C178E9DC10008DE44 /* Unirest.h */,
				1DE1237D178E9DC10008DE44 /* Unirest.m */,
			);
			path = Unirest;
			sourceTree = "<group>";
		};
		1DE12363178E9DC10008DE44 /* HttpRequest */ = {
			isa = PBXGroup;
			children = (
				1DE12364178E9DC10008DE44 /* BaseRequest.h */,
				1DE12365178E9DC10008DE44 /* BaseRequest.m */,
				1DE12366178E9DC10008DE44 /* BodyRequest.h */,
				1DE12367178E9DC10008DE44 /* BodyRequest.m */,
				1DE12368178E9DC10008DE44 /* MultipartRequest.h */,
				1DE12369178E9DC10008DE44 /* MultipartRequest.m */,
				1DE1236A178E9DC10008DE44 /* SimpleRequest.h */,
				1DE1236B178E9DC10008DE44 /* SimpleRequest.m */,
			);
			path = HttpRequest;
			sourceTree = "<group>";
		};
		1DE12370178E9DC10008DE44 /* HttpResponse */ = {
			isa = PBXGroup;
			children = (
				1DE12371178E9DC10008DE44 /* HttpBinaryResponse.h */,
				1DE12372178E9DC10008DE44 /* HttpBinaryResponse.m */,
				1DE12373178E9DC10008DE44 /* HttpJsonResponse.h */,
				1DE12374178E9DC10008DE44 /* HttpJsonResponse.m */,
				1DE12375178E9DC10008DE44 /* HttpResponse.h */,
				1DE12376178E9DC10008DE44 /* HttpResponse.m */,
				1DE12377178E9DC10008DE44 /* HttpStringResponse.h */,
				1DE12378178E9DC10008DE44 /* HttpStringResponse.m */,
				1DE12379178E9DC10008DE44 /* JsonNode.h */,
				1DE1237A178E9DC10008DE44 /* JsonNode.m */,
			);
			path = HttpResponse;
			sourceTree = "<group>";
		};
/* End PBXGroup section */

/* Begin PBXNativeTarget section */
		1DE044B117010EF400CC35DA /* Search Party */ = {
			isa = PBXNativeTarget;
			buildConfigurationList = 1DE044ED17010EF500CC35DA /* Build configuration list for PBXNativeTarget "Search Party" */;
			buildPhases = (
				1DE044AE17010EF400CC35DA /* Sources */,
				1DE044AF17010EF400CC35DA /* Frameworks */,
				1DE044B017010EF400CC35DA /* Resources */,
			);
			buildRules = (
			);
			dependencies = (
			);
			name = "Search Party";
			productName = "Search Party";
			productReference = 1DE8BF4A1715FE0B00CF747A /* Search Party.app */;
			productType = "com.apple.product-type.application";
		};
		1DE044DA17010EF500CC35DA /* Search PartyTests */ = {
			isa = PBXNativeTarget;
			buildConfigurationList = 1DE044F017010EF500CC35DA /* Build configuration list for PBXNativeTarget "Search PartyTests" */;
			buildPhases = (
				1DE044D617010EF500CC35DA /* Sources */,
				1DE044D717010EF500CC35DA /* Frameworks */,
				1DE044D817010EF500CC35DA /* Resources */,
				1DE044D917010EF500CC35DA /* ShellScript */,
			);
			buildRules = (
			);
			dependencies = (
				1DE044E117010EF500CC35DA /* PBXTargetDependency */,
			);
			name = "Search PartyTests";
			productName = "Search PartyTests";
			productReference = 1DE8BF4B1715FE0B00CF747A /* Search PartyTests.octest */;
			productType = "com.apple.product-type.bundle";
		};
/* End PBXNativeTarget section */

/* Begin PBXProject section */
		1DE044AA17010EF400CC35DA /* Project object */ = {
			isa = PBXProject;
			attributes = {
				LastUpgradeCheck = 0460;
				ORGANIZATIONNAME = "Ross Lewis";
			};
			buildConfigurationList = 1DE044AD17010EF400CC35DA /* Build configuration list for PBXProject "Search Party" */;
			compatibilityVersion = "Xcode 3.2";
			developmentRegion = English;
			hasScannedForEncodings = 0;
			knownRegions = (
				en,
			);
			mainGroup = 1DE044A917010EF400CC35DA;
			productRefGroup = 1DE044A917010EF400CC35DA;
			projectDirPath = "";
			projectRoot = "";
			targets = (
				1DE044B117010EF400CC35DA /* Search Party */,
				1DE044DA17010EF500CC35DA /* Search PartyTests */,
			);
		};
/* End PBXProject section */

/* Begin PBXResourcesBuildPhase section */
		1DE044B017010EF400CC35DA /* Resources */ = {
			isa = PBXResourcesBuildPhase;
			buildActionMask = 2147483647;
			files = (
				1DE044C017010EF400CC35DA /* InfoPlist.strings in Resources */,
				1DE044CF17010EF400CC35DA /* MainStoryboard_iPhone.storyboard in Resources */,
				1DE044D217010EF400CC35DA /* MainStoryboard_iPad.storyboard in Resources */,
				1DE04507170111EE00CC35DA /* phaserDown3.mp3 in Resources */,
				1DE04508170111EE00CC35DA /* phaserUp2.mp3 in Resources */,
				1DCA78DF170BB315008B9C63 /* firstQueries.sqlite3 in Resources */,
				1DCA78E31710D105008B9C63 /* CD10.mp3 in Resources */,
				1DB14BA41736E1CA0029BC98 /* Background.png in Resources */,
				1DB14BAA1736EE580029BC98 /* Settings.png in Resources */,
				1DB14BAC1736EEFC0029BC98 /* HowToPlay.png in Resources */,
				1DB14BB21736F6B80029BC98 /* BacktoMenu.png in Resources */,
				1DB14BBA1736FC7A0029BC98 /* PlayButton.png in Resources */,
				1DB14BBE173790640029BC98 /* NextSearch.png in Resources */,
				1DB14BC4173791930029BC98 /* NextSearch_Off.png in Resources */,
				1DB14BC81737928E0029BC98 /* Magnifying-Glass.png in Resources */,
				1DB14BD3173B12150029BC98 /* Bar.png in Resources */,
				1DB14BEA17458FA30029BC98 /* off_check.png in Resources */,
				1DB14BEB17458FA30029BC98 /* On_check.png in Resources */,
				1DB14BEE174590300029BC98 /* Search-Party_blue.png in Resources */,
				1DB14BEF174590300029BC98 /* Search-Party_Red.png in Resources */,
				1DB14BF11745907F0029BC98 /* settings_on.png in Resources */,
				1DB14BF3174590F00029BC98 /* PartyMode.png in Resources */,
				1DB14BF5174590F60029BC98 /* SINGLEPLAYER.png in Resources */,
				1D9265E617593A1A004BB022 /* 57_logo.png in Resources */,
				1D9265E817593A25004BB022 /* 114_logo.png in Resources */,
				1D713E9917593B9C00B6F231 /* rosslogo.png in Resources */,
				1D713EA0175948CD00B6F231 /* Back.png in Resources */,
				1DC5410F177813E5002AC98B /* credits_Search-Party-1.png in Resources */,
				1DE12351178E72120008DE44 /* FacebookSDKResources.bundle in Resources */,
				1DE1235B178E7E100008DE44 /* FB-f-Logo__blue_50.png in Resources */,
				1DE1239C178F348F0008DE44 /* twitter-bird-white-on-blue.png in Resources */,
				1DE58C821791FED1008E621F /* SearchParty_Background_Green_640x1136.png in Resources */,
				1DE58C841792013A008E621F /* SearchParty_Background_Yellow_640x1136.png in Resources */,
				1DE58C8617920140008E621F /* SearchParty_Background_Red_640x1136.png in Resources */,
				1DE58C881792014C008E621F /* SearchParty_Background_Blue_640x1136.png in Resources */,
				1DE58C8A17921022008E621F /* SearchParty_Background_Yellow_640x960.png in Resources */,
				1DE58C8C1792125B008E621F /* SearchParty_Background_Green_640x960.png in Resources */,
				1DE58C8E17921261008E621F /* SearchParty_Background_Red_640x960.png in Resources */,
				1DE58C9017921266008E621F /* SearchParty_Background_Blue_640x960.png in Resources */,
				1DE58C921792EAA9008E621F /* RESET.png in Resources */,
				1D90855D179F9FF200404E71 /* ACHIEVEMENTS.png in Resources */,
				1D90855F179F9FF900404E71 /* LEADERBOARD.png in Resources */,
				1D908561179FA89E00404E71 /* Default-568h@2x.png in Resources */,
				1D908563179FA8A400404E71 /* Default.png in Resources */,
				1D908565179FA8A800404E71 /* Default@2x.png in Resources */,
			);
			runOnlyForDeploymentPostprocessing = 0;
		};
		1DE044D817010EF500CC35DA /* Resources */ = {
			isa = PBXResourcesBuildPhase;
			buildActionMask = 2147483647;
			files = (
				1DE044E717010EF500CC35DA /* InfoPlist.strings in Resources */,
				1DE1239D178F348F0008DE44 /* twitter-bird-white-on-blue.png in Resources */,
			);
			runOnlyForDeploymentPostprocessing = 0;
		};
/* End PBXResourcesBuildPhase section */

/* Begin PBXShellScriptBuildPhase section */
		1DE044D917010EF500CC35DA /* ShellScript */ = {
			isa = PBXShellScriptBuildPhase;
			buildActionMask = 2147483647;
			files = (
			);
			inputPaths = (
			);
			outputPaths = (
			);
			runOnlyForDeploymentPostprocessing = 0;
			shellPath = /bin/sh;
			shellScript = "# Run the unit tests in this test bundle.\n\"${SYSTEM_DEVELOPER_DIR}/Tools/RunUnitTests\"\n";
		};
/* End PBXShellScriptBuildPhase section */

/* Begin PBXSourcesBuildPhase section */
		1DE044AE17010EF400CC35DA /* Sources */ = {
			isa = PBXSourcesBuildPhase;
			buildActionMask = 2147483647;
			files = (
				1DE1238D178EAA3A0008DE44 /* HttpRequest.m in Sources */,
				1DE1238C178EAA240008DE44 /* HttpClientHelper.m in Sources */,
				1DE12398178EB12E0008DE44 /* NSData+Base64.m in Sources */,
				1DE1238B178EA9BC0008DE44 /* Unirest.m in Sources */,
				1DE044C217010EF400CC35DA /* main.m in Sources */,
				1DE044C617010EF400CC35DA /* AppDelegate.m in Sources */,
				1DE044D517010EF400CC35DA /* ViewController.m in Sources */,
				1DE044FA170111A000CC35DA /* GoogleSuggestions.m in Sources */,
				1DE044FB170111A000CC35DA /* GoogleXMLParser.m in Sources */,
				1DE044FC170111A000CC35DA /* OneSuggestion.m in Sources */,
				1DE044FF170111B900CC35DA /* QueryDatabase.m in Sources */,
				1DE04537170114A100CC35DA /* PartyModeViewController.m in Sources */,
				1DE0453A1701177300CC35DA /* SoloModeViewController.m in Sources */,
				1D4BBA5517012C0D00B53E63 /* SoundEffects.m in Sources */,
				1DE7935F1718C0ED005BB455 /* Reachability.m in Sources */,
				1D37BD9C172F275A00C26532 /* DejalActivityView.m in Sources */,
				1D37BDA0172F368000C26532 /* SearchCheckBox.m in Sources */,
				1DB14BDF173DC4EC0029BC98 /* MyStoreObserver.m in Sources */,
				1DB14BE51741FBC20029BC98 /* PopPackPurchases.m in Sources */,
				1DB14BF81745A37C0029BC98 /* CelebPackPurchases.m in Sources */,
				1D05728F178E1C1600FA6C0E /* ResetAnswers.m in Sources */,
				1DE1234D178E57150008DE44 /* SuggestRate.m in Sources */,
				1DE1238F178EAA4B0008DE44 /* JsonNode.m in Sources */,
				1DE12390178EAA4E0008DE44 /* HttpStringResponse.m in Sources */,
				1DE12393178EAA560008DE44 /* HttpBinaryResponse.m in Sources */,
				1DE12395178EAA5F0008DE44 /* MultipartRequest.m in Sources */,
				1DE12396178EAA610008DE44 /* BodyRequest.m in Sources */,
				1DE12392178EAA540008DE44 /* HttpJsonResponse.m in Sources */,
				1DE12391178EAA510008DE44 /* HttpResponse.m in Sources */,
				1DE12394178EAA5C0008DE44 /* SimpleRequest.m in Sources */,
				1DE12397178EAA630008DE44 /* BaseRequest.m in Sources */,
				1DE1238E178EAA430008DE44 /* HttpRequestWithBody.m in Sources */,
				1DCA78E317975BE100311A56 /* GameCenterHelper.m in Sources */,
				1DF81EC717B18019001FA357 /* OpenSearchInGoogle.m in Sources */,
			);
			runOnlyForDeploymentPostprocessing = 0;
		};
		1DE044D617010EF500CC35DA /* Sources */ = {
			isa = PBXSourcesBuildPhase;
			buildActionMask = 2147483647;
			files = (
				1DE044EA17010EF500CC35DA /* Search_PartyTests.m in Sources */,
				1D37BD9D172F275A00C26532 /* DejalActivityView.m in Sources */,
				1DE1235F178E98E00008DE44 /* NSData+Base64.m in Sources */,
				1DE1237E178E9DC10008DE44 /* HttpClientHelper.m in Sources */,
				1DE1237F178E9DC10008DE44 /* BaseRequest.m in Sources */,
				1DE12380178E9DC10008DE44 /* BodyRequest.m in Sources */,
				1DE12381178E9DC10008DE44 /* MultipartRequest.m in Sources */,
				1DE12382178E9DC10008DE44 /* SimpleRequest.m in Sources */,
				1DE12383178E9DC10008DE44 /* HttpRequest.m in Sources */,
				1DE12384178E9DC10008DE44 /* HttpRequestWithBody.m in Sources */,
				1DE12385178E9DC10008DE44 /* HttpBinaryResponse.m in Sources */,
				1DE12386178E9DC10008DE44 /* HttpJsonResponse.m in Sources */,
				1DE12387178E9DC10008DE44 /* HttpResponse.m in Sources */,
				1DE12388178E9DC10008DE44 /* HttpStringResponse.m in Sources */,
				1DE12389178E9DC10008DE44 /* JsonNode.m in Sources */,
				1DE1238A178E9DC10008DE44 /* Unirest.m in Sources */,
			);
			runOnlyForDeploymentPostprocessing = 0;
		};
/* End PBXSourcesBuildPhase section */

/* Begin PBXTargetDependency section */
		1DE044E117010EF500CC35DA /* PBXTargetDependency */ = {
			isa = PBXTargetDependency;
			target = 1DE044B117010EF400CC35DA /* Search Party */;
			targetProxy = 1DE044E017010EF500CC35DA /* PBXContainerItemProxy */;
		};
/* End PBXTargetDependency section */

/* Begin PBXVariantGroup section */
		1DE044BE17010EF400CC35DA /* InfoPlist.strings */ = {
			isa = PBXVariantGroup;
			children = (
				1DE044BF17010EF400CC35DA /* en */,
			);
			name = InfoPlist.strings;
			sourceTree = "<group>";
		};
		1DE044CD17010EF400CC35DA /* MainStoryboard_iPhone.storyboard */ = {
			isa = PBXVariantGroup;
			children = (
				1DE044CE17010EF400CC35DA /* en */,
			);
			name = MainStoryboard_iPhone.storyboard;
			sourceTree = "<group>";
		};
		1DE044D017010EF400CC35DA /* MainStoryboard_iPad.storyboard */ = {
			isa = PBXVariantGroup;
			children = (
				1DE044D117010EF400CC35DA /* en */,
			);
			name = MainStoryboard_iPad.storyboard;
			sourceTree = "<group>";
		};
		1DE044E517010EF500CC35DA /* InfoPlist.strings */ = {
			isa = PBXVariantGroup;
			children = (
				1DE044E617010EF500CC35DA /* en */,
			);
			name = InfoPlist.strings;
			sourceTree = "<group>";
		};
/* End PBXVariantGroup section */

/* Begin XCBuildConfiguration section */
		1DE044EB17010EF500CC35DA /* Debug */ = {
			isa = XCBuildConfiguration;
			buildSettings = {
				ALWAYS_SEARCH_USER_PATHS = NO;
				CLANG_CXX_LANGUAGE_STANDARD = "gnu++0x";
				CLANG_CXX_LIBRARY = "libc++";
				CLANG_ENABLE_OBJC_ARC = YES;
				CLANG_WARN_CONSTANT_CONVERSION = YES;
				CLANG_WARN_EMPTY_BODY = YES;
				CLANG_WARN_ENUM_CONVERSION = YES;
				CLANG_WARN_INT_CONVERSION = YES;
				CLANG_WARN__DUPLICATE_METHOD_MATCH = YES;
				CODE_SIGN_IDENTITY = "iPhone Distribution: Ross Lewis (YDWTQUCWG6)";
				"CODE_SIGN_IDENTITY[sdk=*]" = "iPhone Distribution: Ross Lewis (YDWTQUCWG6)";
				COPY_PHASE_STRIP = NO;
				GCC_C_LANGUAGE_STANDARD = gnu99;
				GCC_DYNAMIC_NO_PIC = NO;
				GCC_OPTIMIZATION_LEVEL = 0;
				GCC_PREPROCESSOR_DEFINITIONS = (
					"DEBUG=1",
					"$(inherited)",
				);
				GCC_SYMBOLS_PRIVATE_EXTERN = NO;
				GCC_WARN_ABOUT_RETURN_TYPE = YES;
				GCC_WARN_UNINITIALIZED_AUTOS = YES;
				GCC_WARN_UNUSED_VARIABLE = YES;
				IPHONEOS_DEPLOYMENT_TARGET = 5.0;
				ONLY_ACTIVE_ARCH = YES;
				PROVISIONING_PROFILE = "FC855B70-B32E-42F4-BCE7-504C04C72CC6";
				"PROVISIONING_PROFILE[sdk=*]" = "FC855B70-B32E-42F4-BCE7-504C04C72CC6";
				SDKROOT = iphoneos;
				TARGETED_DEVICE_FAMILY = "1,2";
			};
			name = Debug;
		};
		1DE044EC17010EF500CC35DA /* Release */ = {
			isa = XCBuildConfiguration;
			buildSettings = {
				ALWAYS_SEARCH_USER_PATHS = NO;
				CLANG_CXX_LANGUAGE_STANDARD = "gnu++0x";
				CLANG_CXX_LIBRARY = "libc++";
				CLANG_ENABLE_OBJC_ARC = YES;
				CLANG_WARN_CONSTANT_CONVERSION = YES;
				CLANG_WARN_EMPTY_BODY = YES;
				CLANG_WARN_ENUM_CONVERSION = YES;
				CLANG_WARN_INT_CONVERSION = YES;
				CLANG_WARN__DUPLICATE_METHOD_MATCH = YES;
				CODE_SIGN_IDENTITY = "iPhone Distribution: Ross Lewis (YDWTQUCWG6)";
				"CODE_SIGN_IDENTITY[sdk=*]" = "iPhone Distribution: Ross Lewis (YDWTQUCWG6)";
				COPY_PHASE_STRIP = YES;
				GCC_C_LANGUAGE_STANDARD = gnu99;
				GCC_WARN_ABOUT_RETURN_TYPE = YES;
				GCC_WARN_UNINITIALIZED_AUTOS = YES;
				GCC_WARN_UNUSED_VARIABLE = YES;
				IPHONEOS_DEPLOYMENT_TARGET = 5.0;
				OTHER_CFLAGS = "-DNS_BLOCK_ASSERTIONS=1";
				PROVISIONING_PROFILE = "FC855B70-B32E-42F4-BCE7-504C04C72CC6";
				"PROVISIONING_PROFILE[sdk=*]" = "FC855B70-B32E-42F4-BCE7-504C04C72CC6";
				SDKROOT = iphoneos;
				TARGETED_DEVICE_FAMILY = "1,2";
				VALIDATE_PRODUCT = YES;
			};
			name = Release;
		};
		1DE044EE17010EF500CC35DA /* Debug */ = {
			isa = XCBuildConfiguration;
			buildSettings = {
				CODE_SIGN_IDENTITY = "iPhone Developer: Ross Lewis (6TBXZHE7RL)";
				"CODE_SIGN_IDENTITY[sdk=*]" = "iPhone Developer: Ross Lewis (6TBXZHE7RL)";
				FRAMEWORK_SEARCH_PATHS = (
					"$(inherited)",
					"\"$(SRCROOT)\"",
				);
				GCC_PRECOMPILE_PREFIX_HEADER = YES;
				GCC_PREFIX_HEADER = "Search Party/Search Party-Prefix.pch";
				INFOPLIST_FILE = "Search Party/Search Party-Info.plist";
				IPHONEOS_DEPLOYMENT_TARGET = 5.0;
				LIBRARY_SEARCH_PATHS = (
					"$(inherited)",
					"\"$(SRCROOT)/../../../Downloads/GoogleAnalyticsiOS_2.0beta4 2/Library\"",
				);
				PRODUCT_NAME = "$(TARGET_NAME)";
				PROVISIONING_PROFILE = "A281D00C-6C00-43F1-B6D3-6ACF0D4B0986";
				"PROVISIONING_PROFILE[sdk=*]" = "A281D00C-6C00-43F1-B6D3-6ACF0D4B0986";
				TARGETED_DEVICE_FAMILY = 1;
				WRAPPER_EXTENSION = app;
			};
			name = Debug;
		};
		1DE044EF17010EF500CC35DA /* Release */ = {
			isa = XCBuildConfiguration;
			buildSettings = {
				CODE_SIGN_IDENTITY = "iPhone Developer: Ross Lewis (6TBXZHE7RL)";
				"CODE_SIGN_IDENTITY[sdk=*]" = "iPhone Developer: Ross Lewis (6TBXZHE7RL)";
				FRAMEWORK_SEARCH_PATHS = (
					"$(inherited)",
					"\"$(SRCROOT)\"",
				);
				GCC_PRECOMPILE_PREFIX_HEADER = YES;
				GCC_PREFIX_HEADER = "Search Party/Search Party-Prefix.pch";
				INFOPLIST_FILE = "Search Party/Search Party-Info.plist";
				IPHONEOS_DEPLOYMENT_TARGET = 5.0;
				LIBRARY_SEARCH_PATHS = (
					"$(inherited)",
					"\"$(SRCROOT)/../../../Downloads/GoogleAnalyticsiOS_2.0beta4 2/Library\"",
				);
				PRODUCT_NAME = "$(TARGET_NAME)";
				PROVISIONING_PROFILE = "A281D00C-6C00-43F1-B6D3-6ACF0D4B0986";
				"PROVISIONING_PROFILE[sdk=*]" = "A281D00C-6C00-43F1-B6D3-6ACF0D4B0986";
				TARGETED_DEVICE_FAMILY = 1;
				WRAPPER_EXTENSION = app;
			};
			name = Release;
		};
		1DE044F117010EF500CC35DA /* Debug */ = {
			isa = XCBuildConfiguration;
			buildSettings = {
				BUNDLE_LOADER = "$(BUILT_PRODUCTS_DIR)/Search Party.app/Search Party";
				FRAMEWORK_SEARCH_PATHS = (
					"\"$(SDKROOT)/Developer/Library/Frameworks\"",
					"\"$(DEVELOPER_LIBRARY_DIR)/Frameworks\"",
				);
				GCC_PRECOMPILE_PREFIX_HEADER = YES;
				GCC_PREFIX_HEADER = "Search Party/Search Party-Prefix.pch";
				INFOPLIST_FILE = "Search PartyTests/Search PartyTests-Info.plist";
				LIBRARY_SEARCH_PATHS = (
					"$(inherited)",
					"\"$(SRCROOT)\"",
				);
				PRODUCT_NAME = "$(TARGET_NAME)";
				TEST_HOST = "$(BUNDLE_LOADER)";
				WRAPPER_EXTENSION = octest;
			};
			name = Debug;
		};
		1DE044F217010EF500CC35DA /* Release */ = {
			isa = XCBuildConfiguration;
			buildSettings = {
				BUNDLE_LOADER = "$(BUILT_PRODUCTS_DIR)/Search Party.app/Search Party";
				FRAMEWORK_SEARCH_PATHS = (
					"\"$(SDKROOT)/Developer/Library/Frameworks\"",
					"\"$(DEVELOPER_LIBRARY_DIR)/Frameworks\"",
				);
				GCC_PRECOMPILE_PREFIX_HEADER = YES;
				GCC_PREFIX_HEADER = "Search Party/Search Party-Prefix.pch";
				INFOPLIST_FILE = "Search PartyTests/Search PartyTests-Info.plist";
				LIBRARY_SEARCH_PATHS = (
					"$(inherited)",
					"\"$(SRCROOT)\"",
				);
				PRODUCT_NAME = "$(TARGET_NAME)";
				TEST_HOST = "$(BUNDLE_LOADER)";
				WRAPPER_EXTENSION = octest;
			};
			name = Release;
		};
/* End XCBuildConfiguration section */

/* Begin XCConfigurationList section */
		1DE044AD17010EF400CC35DA /* Build configuration list for PBXProject "Search Party" */ = {
			isa = XCConfigurationList;
			buildConfigurations = (
				1DE044EB17010EF500CC35DA /* Debug */,
				1DE044EC17010EF500CC35DA /* Release */,
			);
			defaultConfigurationIsVisible = 0;
			defaultConfigurationName = Release;
		};
		1DE044ED17010EF500CC35DA /* Build configuration list for PBXNativeTarget "Search Party" */ = {
			isa = XCConfigurationList;
			buildConfigurations = (
				1DE044EE17010EF500CC35DA /* Debug */,
				1DE044EF17010EF500CC35DA /* Release */,
			);
			defaultConfigurationIsVisible = 0;
			defaultConfigurationName = Release;
		};
		1DE044F017010EF500CC35DA /* Build configuration list for PBXNativeTarget "Search PartyTests" */ = {
			isa = XCConfigurationList;
			buildConfigurations = (
				1DE044F117010EF500CC35DA /* Debug */,
				1DE044F217010EF500CC35DA /* Release */,
			);
			defaultConfigurationIsVisible = 0;
			defaultConfigurationName = Release;
		};
/* End XCConfigurationList section */
	};
	rootObject = 1DE044AA17010EF400CC35DA /* Project object */;
}
